{
  "name": "pathfactory-agent",
  "lockfileVersion": 3,
  "requires": true,
  "packages": {
    "": {
      "name": "pathfactory-agent",
      "dependencies": {
        "@blink-sdk/model-intent": "^0.0.2",
        "@blink-sdk/slackbot": "^0.0.6",
        "@blink-sdk/web-search": "^0.0.2",
        "ai": "^5.0.48",
        "blink": "^0.1.35",
        "esbuild": "^0.25.10",
        "zod": "^4.1.11"
      },
      "devDependencies": {
        "@types/node": "^24.5.2"
      }
    },
    "node_modules/@ai-sdk/gateway": {
      "version": "1.0.25",
      "license": "Apache-2.0",
      "dependencies": {
        "@ai-sdk/provider": "2.0.0",
        "@ai-sdk/provider-utils": "3.0.9"
      },
      "engines": {
        "node": ">=18"
      },
      "peerDependencies": {
        "zod": "^3.25.76 || ^4"
      }
    },
    "node_modules/@ai-sdk/provider": {
      "version": "2.0.0",
      "license": "Apache-2.0",
      "dependencies": {
        "json-schema": "^0.4.0"
      },
      "engines": {
        "node": ">=18"
      }
    },
    "node_modules/@ai-sdk/provider-utils": {
      "version": "3.0.9",
      "license": "Apache-2.0",
      "dependencies": {
        "@ai-sdk/provider": "2.0.0",
        "@standard-schema/spec": "^1.0.0",
        "eventsource-parser": "^3.0.5"
      },
      "engines": {
        "node": ">=18"
      },
      "peerDependencies": {
        "zod": "^3.25.76 || ^4"
      }
    },
    "node_modules/@blink-sdk/model-intent": {
      "version": "0.0.2",
      "license": "MIT",
      "peerDependencies": {
        "ai": ">=5",
        "zod": ">=4"
      }
    },
    "node_modules/@blink-sdk/slackbot": {
      "version": "0.0.6",
      "license": "MIT",
      "dependencies": {
        "slack-edge": "^1.3.12"
      },
      "peerDependencies": {
        "ai": ">=5",
        "blink": "*"
      }
    },
    "node_modules/@blink-sdk/web-search": {
      "version": "0.0.2",
      "license": "MIT",
      "peerDependencies": {
        "exa-js": ">=1.9.3",
        "zod": ">=4"
      }
    },
    "node_modules/@esbuild/darwin-arm64": {
      "version": "0.25.10",
      "cpu": [
        "arm64"
      ],
      "license": "MIT",
      "optional": true,
      "os": [
        "darwin"
      ],
      "engines": {
        "node": ">=18"
      }
    },
    "node_modules/@opentelemetry/api": {
      "version": "1.9.0",
      "license": "Apache-2.0",
      "engines": {
        "node": ">=8.0.0"
      }
    },
    "node_modules/@standard-schema/spec": {
      "version": "1.0.0",
      "license": "MIT"
    },
    "node_modules/@types/node": {
      "version": "24.5.2",
      "resolved": "https://registry.npmjs.org/@types/node/-/node-24.5.2.tgz",
      "integrity": "sha512-FYxk1I7wPv3K2XBaoyH2cTnocQEu8AOZ60hPbsyukMPLv5/5qr7V1i8PLHdl6Zf87I+xZXFvPCXYjiTFq+YSDQ==",
      "dev": true,
      "license": "MIT",
      "dependencies": {
        "undici-types": "~7.12.0"
      }
    },
    "node_modules/ai": {
      "version": "5.0.48",
      "license": "Apache-2.0",
      "dependencies": {
        "@ai-sdk/gateway": "1.0.25",
        "@ai-sdk/provider": "2.0.0",
        "@ai-sdk/provider-utils": "3.0.9",
        "@opentelemetry/api": "1.9.0"
      },
      "engines": {
        "node": ">=18"
      },
      "peerDependencies": {
        "zod": "^3.25.76 || ^4"
      }
    },
    "node_modules/blink": {
      "version": "0.1.35",
      "dependencies": {
        "zod": "^4.1.5"
      },
      "bin": {
        "blink": "dist/cli/index.js"
      },
      "optionalDependencies": {
        "esbuild": "^0.25.9"
      }
    },
    "node_modules/cross-fetch": {
      "version": "4.1.0",
      "license": "MIT",
      "peer": true,
      "dependencies": {
        "node-fetch": "^2.7.0"
      }
    },
    "node_modules/dotenv": {
      "version": "16.4.7",
      "license": "BSD-2-Clause",
      "peer": true,
      "engines": {
        "node": ">=12"
      },
      "funding": {
        "url": "https://dotenvx.com"
      }
    },
    "node_modules/esbuild": {
      "version": "0.25.10",
      "hasInstallScript": true,
      "license": "MIT",
      "bin": {
        "esbuild": "bin/esbuild"
      },
      "engines": {
        "node": ">=18"
      },
      "optionalDependencies": {
        "@esbuild/aix-ppc64": "0.25.10",
        "@esbuild/android-arm": "0.25.10",
        "@esbuild/android-arm64": "0.25.10",
        "@esbuild/android-x64": "0.25.10",
        "@esbuild/darwin-arm64": "0.25.10",
        "@esbuild/darwin-x64": "0.25.10",
        "@esbuild/freebsd-arm64": "0.25.10",
        "@esbuild/freebsd-x64": "0.25.10",
        "@esbuild/linux-arm": "0.25.10",
        "@esbuild/linux-arm64": "0.25.10",
        "@esbuild/linux-ia32": "0.25.10",
        "@esbuild/linux-loong64": "0.25.10",
        "@esbuild/linux-mips64el": "0.25.10",
        "@esbuild/linux-ppc64": "0.25.10",
        "@esbuild/linux-riscv64": "0.25.10",
        "@esbuild/linux-s390x": "0.25.10",
        "@esbuild/linux-x64": "0.25.10",
        "@esbuild/netbsd-arm64": "0.25.10",
        "@esbuild/netbsd-x64": "0.25.10",
        "@esbuild/openbsd-arm64": "0.25.10",
        "@esbuild/openbsd-x64": "0.25.10",
        "@esbuild/openharmony-arm64": "0.25.10",
        "@esbuild/sunos-x64": "0.25.10",
        "@esbuild/win32-arm64": "0.25.10",
        "@esbuild/win32-ia32": "0.25.10",
        "@esbuild/win32-x64": "0.25.10"
      }
    },
    "node_modules/eventsource-parser": {
      "version": "3.0.6",
      "license": "MIT",
      "engines": {
        "node": ">=18.0.0"
      }
    },
    "node_modules/exa-js": {
      "version": "1.9.3",
      "license": "MIT",
      "peer": true,
      "dependencies": {
        "cross-fetch": "~4.1.0",
        "dotenv": "~16.4.7",
        "openai": "^5.0.1",
        "zod": "^3.22.0",
        "zod-to-json-schema": "^3.20.0"
      }
    },
    "node_modules/exa-js/node_modules/zod": {
      "version": "3.25.76",
      "license": "MIT",
      "peer": true,
      "funding": {
        "url": "https://github.com/sponsors/colinhacks"
      }
    },
    "node_modules/json-schema": {
      "version": "0.4.0",
      "license": "(AFL-2.1 OR BSD-3-Clause)"
    },
    "node_modules/node-fetch": {
      "version": "2.7.0",
      "license": "MIT",
      "peer": true,
      "dependencies": {
        "whatwg-url": "^5.0.0"
      },
      "engines": {
        "node": "4.x || >=6.0.0"
      },
      "peerDependencies": {
        "encoding": "^0.1.0"
      },
      "peerDependenciesMeta": {
        "encoding": {
          "optional": true
        }
      }
    },
    "node_modules/openai": {
      "version": "5.22.0",
      "license": "Apache-2.0",
      "peer": true,
      "bin": {
        "openai": "bin/cli"
      },
      "peerDependencies": {
        "ws": "^8.18.0",
        "zod": "^3.23.8"
      },
      "peerDependenciesMeta": {
        "ws": {
          "optional": true
        },
        "zod": {
          "optional": true
        }
      }
    },
    "node_modules/slack-edge": {
      "version": "1.3.12",
      "license": "MIT",
      "dependencies": {
        "slack-web-api-client": "^1.1.7"
      }
    },
    "node_modules/slack-web-api-client": {
      "version": "1.1.7",
      "license": "MIT"
    },
    "node_modules/tr46": {
      "version": "0.0.3",
      "license": "MIT",
      "peer": true
    },
    "node_modules/undici-types": {
      "version": "7.12.0",
      "resolved": "https://registry.npmjs.org/undici-types/-/undici-types-7.12.0.tgz",
      "integrity": "sha512-goOacqME2GYyOZZfb5Lgtu+1IDmAlAEu5xnD3+xTzS10hT0vzpf0SPjkXwAw9Jm+4n/mQGDP3LO8CPbYROeBfQ==",
      "dev": true,
      "license": "MIT"
    },
    "node_modules/webidl-conversions": {
      "version": "3.0.1",
      "license": "BSD-2-Clause",
      "peer": true
    },
    "node_modules/whatwg-url": {
      "version": "5.0.0",
      "license": "MIT",
      "peer": true,
      "dependencies": {
        "tr46": "~0.0.3",
        "webidl-conversions": "^3.0.0"
      }
    },
    "node_modules/zod": {
      "version": "4.1.11",
      "license": "MIT",
      "funding": {
        "url": "https://github.com/sponsors/colinhacks"
      }
    },
    "node_modules/zod-to-json-schema": {
      "version": "3.24.6",
      "license": "ISC",
      "peer": true,
      "peerDependencies": {
        "zod": "^3.24.1"
      }
    }
  }
}
